<?xml version="1.0" encoding="UTF-8" standalone="yes" ?>
<CodeBlocks_project_file>
	<FileVersion major="1" minor="6" />
	<Project>
		<Option title="GpxDBImporterExporter" />
		<Option makefile_is_custom="1" />
		<Option pch_mode="2" />
		<Option compiler="gcc" />
		<Option virtualFolders="Source/;sqlite3x/;JuceLibraryCode/;sql/;" />
		<Build>
			<Target title="Debug">
				<Option output="build/GpxDBImporterExporterD" prefix_auto="1" extension_auto="1" />
				<Option object_output="obj/Debug/" />
				<Option type="1" />
				<Option compiler="gcc" />
				<Compiler>
					<Add option="-g" />
				</Compiler>
				<MakeCommands>
					<Build command="$make -j2 -f $makefile CONFIG=$target" />
					<CompileFile command="$make -j2 -f $makefile $file" />
					<Clean command="$make -j2 -f $makefile clean CONFIG=$target" />
					<DistClean command="$make -f $makefile distclean$target" />
					<AskRebuildNeeded command="$make -j2 -q -f $makefile CONFIG=$target" />
					<SilentBuild command="$make -j2 -s -f $makefile CONFIG=$target" />
				</MakeCommands>
			</Target>
			<Target title="Release">
				<Option output="build/GpxDBImporterExporter" prefix_auto="1" extension_auto="1" />
				<Option object_output="obj/Release/" />
				<Option type="0" />
				<Option compiler="gcc" />
				<Compiler>
					<Add option="-O2" />
				</Compiler>
				<Linker>
					<Add option="-s" />
				</Linker>
				<MakeCommands>
					<Build command="$make -j2 -f $makefile CONFIG=$target" />
					<CompileFile command="$make -j2 -f $makefile $file" />
					<Clean command="$make -j2 -f $makefile clean CONFIG=$target" />
					<DistClean command="$make -f $makefile distclean$target" />
					<AskRebuildNeeded command="$make -j2 -q -f $makefile CONFIG=$target" />
					<SilentBuild command="$make -j2 -s -f $makefile CONFIG=$target" />
				</MakeCommands>
			</Target>
		</Build>
		<Compiler>
			<Add option="-Wall" />
		</Compiler>
		<Unit filename="../../JuceLibraryCode/AppConfig.h">
			<Option virtualFolder="JuceLibraryCode/" />
		</Unit>
		<Unit filename="../../JuceLibraryCode/BinaryData.cpp">
			<Option virtualFolder="JuceLibraryCode/" />
		</Unit>
		<Unit filename="../../JuceLibraryCode/BinaryData.h">
			<Option virtualFolder="JuceLibraryCode/" />
		</Unit>
		<Unit filename="../../JuceLibraryCode/JuceHeader.h">
			<Option virtualFolder="JuceLibraryCode/" />
		</Unit>
		<Unit filename="../../JuceLibraryCode/JuceLibraryCode1.cpp">
			<Option virtualFolder="JuceLibraryCode/" />
		</Unit>
		<Unit filename="../../JuceLibraryCode/JuceLibraryCode2.cpp">
			<Option virtualFolder="JuceLibraryCode/" />
		</Unit>
		<Unit filename="../../JuceLibraryCode/JuceLibraryCode3.cpp">
			<Option virtualFolder="JuceLibraryCode/" />
		</Unit>
		<Unit filename="../../JuceLibraryCode/JuceLibraryCode4.cpp">
			<Option virtualFolder="JuceLibraryCode/" />
		</Unit>
		<Unit filename="../../Source/DBConnector.cpp">
			<Option virtualFolder="Source/" />
		</Unit>
		<Unit filename="../../Source/DBConnector.h">
			<Option virtualFolder="Source/" />
		</Unit>
		<Unit filename="../../Source/Data.h">
			<Option virtualFolder="Source/" />
		</Unit>
		<Unit filename="../../Source/FileExporter.cpp">
			<Option virtualFolder="Source/" />
		</Unit>
		<Unit filename="../../Source/FileExporter.h">
			<Option virtualFolder="Source/" />
		</Unit>
		<Unit filename="../../Source/FileImporter.cpp">
			<Option virtualFolder="Source/" />
		</Unit>
		<Unit filename="../../Source/FileImporter.h">
			<Option virtualFolder="Source/" />
		</Unit>
		<Unit filename="../../Source/HelperFunctions.h">
			<Option virtualFolder="Source/" />
		</Unit>
		<Unit filename="../../Source/LocationUpdater.cpp">
			<Option virtualFolder="Source/" />
		</Unit>
		<Unit filename="../../Source/LocationUpdater.h">
			<Option virtualFolder="Source/" />
		</Unit>
		<Unit filename="../../Source/Main.cpp">
			<Option virtualFolder="Source/" />
		</Unit>
		<Unit filename="../../Source/MainComponent.cpp">
			<Option virtualFolder="Source/" />
		</Unit>
		<Unit filename="../../Source/MainComponent.h">
			<Option virtualFolder="Source/" />
		</Unit>
		<Unit filename="../../Source/PVLogger.h">
			<Option virtualFolder="Source/" />
		</Unit>
		<Unit filename="../../Source/StoredSettings.cpp">
			<Option virtualFolder="Source/" />
		</Unit>
		<Unit filename="../../Source/StoredSettings.h">
			<Option virtualFolder="Source/" />
		</Unit>
		<Unit filename="../../Source/includes.h">
			<Option virtualFolder="Source/" />
		</Unit>
		<Unit filename="../../Source/sqlite3x/sqlite3.c">
			<Option compilerVar="CC" />
			<Option virtualFolder="sqlite3x/" />
		</Unit>
		<Unit filename="../../Source/sqlite3x/sqlite3.h">
			<Option virtualFolder="sqlite3x/" />
		</Unit>
		<Unit filename="../../Source/sqlite3x/sqlite3ext.h">
			<Option virtualFolder="sqlite3x/" />
		</Unit>
		<Unit filename="../../Source/sqlite3x/sqlite3x.hpp">
			<Option virtualFolder="sqlite3x/" />
		</Unit>
		<Unit filename="../../Source/sqlite3x/sqlite3x_command.cpp">
			<Option virtualFolder="sqlite3x/" />
		</Unit>
		<Unit filename="../../Source/sqlite3x/sqlite3x_connection.cpp">
			<Option virtualFolder="sqlite3x/" />
		</Unit>
		<Unit filename="../../Source/sqlite3x/sqlite3x_exception.cpp">
			<Option virtualFolder="sqlite3x/" />
		</Unit>
		<Unit filename="../../Source/sqlite3x/sqlite3x_reader.cpp">
			<Option virtualFolder="sqlite3x/" />
		</Unit>
		<Unit filename="../../Source/sqlite3x/sqlite3x_transaction.cpp">
			<Option virtualFolder="sqlite3x/" />
		</Unit>
		<Unit filename="../../data/sql/create_tables.sql">
			<Option virtualFolder="sql/" />
		</Unit>
		<Unit filename="../../data/sql/drop_tables.sql">
			<Option virtualFolder="sql/" />
		</Unit>
		<Unit filename="../../data/sql/insert_predefineddata.sql">
			<Option virtualFolder="sql/" />
		</Unit>
		<Extensions>
			<envvars />
			<code_completion />
			<debugger />
			<lib_finder disable_auto="1" />
		</Extensions>
	</Project>
</CodeBlocks_project_file>
